
Microsoft Visual Studio Solution File, Format Version 12.00
# Visual Studio Version 17
VisualStudioVersion = 17.2.32616.157
MinimumVisualStudioVersion = 10.0.40219.1
Project("{FAE04EC0-301F-11D3-BF4B-00C04F79EFBC}") = "HellsShop.Web", "HellsShop.Web\HellsShop.Web.csproj", "{6879302E-3F28-4866-BFFA-A3E98136FB3B}"
EndProject
Project("{FAE04EC0-301F-11D3-BF4B-00C04F79EFBC}") = "HellsShop.Application", "HellsShop.Application\HellsShop.Application.csproj", "{D88D6AFA-B332-467F-8FCB-26508791B413}"
EndProject
Project("{FAE04EC0-301F-11D3-BF4B-00C04F79EFBC}") = "HellsShop.Infrastructure", "HellsShop.Infrastructure\HellsShop.Infrastructure.csproj", "{2574FE2C-756C-447C-8CD7-F67803D323D2}"
EndProject
Global
	GlobalSection(SolutionConfigurationPlatforms) = preSolution
		Debug|Any CPU = Debug|Any CPU
		Release|Any CPU = Release|Any CPU
	EndGlobalSection
	GlobalSection(ProjectConfigurationPlatforms) = postSolution
		{6879302E-3F28-4866-BFFA-A3E98136FB3B}.Debug|Any CPU.ActiveCfg = Debug|Any CPU
		{6879302E-3F28-4866-BFFA-A3E98136FB3B}.Debug|Any CPU.Build.0 = Debug|Any CPU
		{6879302E-3F28-4866-BFFA-A3E98136FB3B}.Release|Any CPU.ActiveCfg = Release|Any CPU
		{6879302E-3F28-4866-BFFA-A3E98136FB3B}.Release|Any CPU.Build.0 = Release|Any CPU
		{D88D6AFA-B332-467F-8FCB-26508791B413}.Debug|Any CPU.ActiveCfg = Debug|Any CPU
		{D88D6AFA-B332-467F-8FCB-26508791B413}.Debug|Any CPU.Build.0 = Debug|Any CPU
		{D88D6AFA-B332-467F-8FCB-26508791B413}.Release|Any CPU.ActiveCfg = Release|Any CPU
		{D88D6AFA-B332-467F-8FCB-26508791B413}.Release|Any CPU.Build.0 = Release|Any CPU
		{2574FE2C-756C-447C-8CD7-F67803D323D2}.Debug|Any CPU.ActiveCfg = Debug|Any CPU
		{2574FE2C-756C-447C-8CD7-F67803D323D2}.Debug|Any CPU.Build.0 = Debug|Any CPU
		{2574FE2C-756C-447C-8CD7-F67803D323D2}.Release|Any CPU.ActiveCfg = Release|Any CPU
		{2574FE2C-756C-447C-8CD7-F67803D323D2}.Release|Any CPU.Build.0 = Release|Any CPU
	EndGlobalSection
	GlobalSection(SolutionProperties) = preSolution
		HideSolutionNode = FALSE
	EndGlobalSection
	GlobalSection(ExtensibilityGlobals) = postSolution
		SolutionGuid = {9AEE64FA-D42D-4BC9-81E5-1D9958BCAF02}
	EndGlobalSection
EndGlobal
